
Microsoft Visual Studio Solution File, Format Version 12.00
# Visual Studio Version 17
VisualStudioVersion = 17.1.32210.238
MinimumVisualStudioVersion = 10.0.40219.1
Project("{9A19103F-16F7-4668-BE54-9A1E7A4F7556}") = "JWT", "JWT.csproj", "{CD815407-8615-4E46-9E46-9199882AF0EA}"
EndProject
Global
	GlobalSection(SolutionConfigurationPlatforms) = preSolution
		Debug|Any CPU = Debug|Any CPU
		Release|Any CPU = Release|Any CPU
	EndGlobalSection
	GlobalSection(ProjectConfigurationPlatforms) = postSolution
		{CD815407-8615-4E46-9E46-9199882AF0EA}.Debug|Any CPU.ActiveCfg = Debug|Any CPU
		{CD815407-8615-4E46-9E46-9199882AF0EA}.Debug|Any CPU.Build.0 = Debug|Any CPU
		{CD815407-8615-4E46-9E46-9199882AF0EA}.Release|Any CPU.ActiveCfg = Release|Any CPU
		{CD815407-8615-4E46-9E46-9199882AF0EA}.Release|Any CPU.Build.0 = Release|Any CPU
	EndGlobalSection
	GlobalSection(SolutionProperties) = preSolution
		HideSolutionNode = FALSE
	EndGlobalSection
	GlobalSection(ExtensibilityGlobals) = postSolution
		SolutionGuid = {EEC06815-C4ED-43FB-B417-84E30ED0110F}
	EndGlobalSection
EndGlobal
